
Microsoft Visual Studio Solution File, Format Version 12.00
# Visual Studio Version 17
VisualStudioVersion = 17.4.33205.214
MinimumVisualStudioVersion = 10.0.40219.1
Project("{9A19103F-16F7-4668-BE54-9A1E7A4F7556}") = "Homework 1", "Homework 1\Homework 1.csproj", "{A352A6AD-B0DB-4169-AE96-5514FBBED9E7}"
EndProject
Project("{9A19103F-16F7-4668-BE54-9A1E7A4F7556}") = "First Avalonia attempt", "First Avalonia attempt\First Avalonia attempt.csproj", "{B9C96251-6AEF-469E-8A49-CCAAFAF0114D}"
EndProject
Project("{2150E333-8FDC-42A3-9474-1A3956D46DE8}") = "Элементы решения", "Элементы решения", "{104EECFC-446A-46A8-A775-6FF0C7071E40}"
	ProjectSection(SolutionItems) = preProject
		.gitignore = .gitignore
	EndProjectSection
EndProject
Project("{FAE04EC0-301F-11D3-BF4B-00C04F79EFBC}") = "Polygons", "Polygons\Polygons.csproj", "{6857C7CD-56F9-425D-8920-02D55BBD25B3}"
EndProject
Global
	GlobalSection(SolutionConfigurationPlatforms) = preSolution
		Debug|Any CPU = Debug|Any CPU
		Release|Any CPU = Release|Any CPU
	EndGlobalSection
	GlobalSection(ProjectConfigurationPlatforms) = postSolution
		{A352A6AD-B0DB-4169-AE96-5514FBBED9E7}.Debug|Any CPU.ActiveCfg = Debug|Any CPU
		{A352A6AD-B0DB-4169-AE96-5514FBBED9E7}.Debug|Any CPU.Build.0 = Debug|Any CPU
		{A352A6AD-B0DB-4169-AE96-5514FBBED9E7}.Release|Any CPU.ActiveCfg = Release|Any CPU
		{A352A6AD-B0DB-4169-AE96-5514FBBED9E7}.Release|Any CPU.Build.0 = Release|Any CPU
		{B9C96251-6AEF-469E-8A49-CCAAFAF0114D}.Debug|Any CPU.ActiveCfg = Debug|Any CPU
		{B9C96251-6AEF-469E-8A49-CCAAFAF0114D}.Debug|Any CPU.Build.0 = Debug|Any CPU
		{B9C96251-6AEF-469E-8A49-CCAAFAF0114D}.Release|Any CPU.ActiveCfg = Release|Any CPU
		{B9C96251-6AEF-469E-8A49-CCAAFAF0114D}.Release|Any CPU.Build.0 = Release|Any CPU
		{6857C7CD-56F9-425D-8920-02D55BBD25B3}.Debug|Any CPU.ActiveCfg = Debug|Any CPU
		{6857C7CD-56F9-425D-8920-02D55BBD25B3}.Debug|Any CPU.Build.0 = Debug|Any CPU
		{6857C7CD-56F9-425D-8920-02D55BBD25B3}.Release|Any CPU.ActiveCfg = Release|Any CPU
		{6857C7CD-56F9-425D-8920-02D55BBD25B3}.Release|Any CPU.Build.0 = Release|Any CPU
	EndGlobalSection
	GlobalSection(SolutionProperties) = preSolution
		HideSolutionNode = FALSE
	EndGlobalSection
	GlobalSection(ExtensibilityGlobals) = postSolution
		SolutionGuid = {FF3833F5-D8A3-439E-B543-0C23359FCF9C}
	EndGlobalSection
EndGlobal
